// !$*UTF8*$!
{
	archiveVersion = 1;
	classes = {
	};
	objectVersion = 46;
	objects = {

/* Begin PBXBuildFile section */
		93350D471C41E1970057621C /* AppDelegate.swift in Sources */ = {isa = PBXBuildFile; fileRef = 93350D461C41E1970057621C /* AppDelegate.swift */; };
		93350D491C41E1970057621C /* ViewController.swift in Sources */ = {isa = PBXBuildFile; fileRef = 93350D481C41E1970057621C /* ViewController.swift */; };
		93350D4C1C41E1970057621C /* Main.storyboard in Resources */ = {isa = PBXBuildFile; fileRef = 93350D4A1C41E1970057621C /* Main.storyboard */; };
		93350D4E1C41E1970057621C /* Assets.xcassets in Resources */ = {isa = PBXBuildFile; fileRef = 93350D4D1C41E1970057621C /* Assets.xcassets */; };
		93350D511C41E1970057621C /* LaunchScreen.storyboard in Resources */ = {isa = PBXBuildFile; fileRef = 93350D4F1C41E1970057621C /* LaunchScreen.storyboard */; };
		93350D5C1C41E1970057621C /* INOiPadPopupKeyboardUITests.swift in Sources */ = {isa = PBXBuildFile; fileRef = 93350D5B1C41E1970057621C /* INOiPadPopupKeyboardUITests.swift */; };
		93350D671C41E4550057621C /* INOKeyboardButton.swift in Sources */ = {isa = PBXBuildFile; fileRef = 93350D661C41E4550057621C /* INOKeyboardButton.swift */; };
		93350D6B1C41EB210057621C /* INOKeyboardViewController.swift in Sources */ = {isa = PBXBuildFile; fileRef = 93350D6A1C41EB210057621C /* INOKeyboardViewController.swift */; };
		93350D6D1C41FC850057621C /* INOKeyboardTextField.swift in Sources */ = {isa = PBXBuildFile; fileRef = 93350D6C1C41FC850057621C /* INOKeyboardTextField.swift */; };
		93350D6F1C41FEA50057621C /* INOKeyboardViewController.xib in Resources */ = {isa = PBXBuildFile; fileRef = 93350D6E1C41FEA50057621C /* INOKeyboardViewController.xib */; };
/* End PBXBuildFile section */

/* Begin PBXContainerItemProxy section */
		93350D581C41E1970057621C /* PBXContainerItemProxy */ = {
			isa = PBXContainerItemProxy;
			containerPortal = 93350D3B1C41E1970057621C /* Project object */;
			proxyType = 1;
			remoteGlobalIDString = 93350D421C41E1970057621C;
			remoteInfo = INOiPadPopupKeyboard;
		};
/* End PBXContainerItemProxy section */

/* Begin PBXFileReference section */
		93350D431C41E1970057621C /* INOiPadPopupKeyboard.app */ = {isa = PBXFileReference; explicitFileType = wrapper.application; includeInIndex = 0; path = INOiPadPopupKeyboard.app; sourceTree = BUILT_PRODUCTS_DIR; };
		93350D461C41E1970057621C /* AppDelegate.swift */ = {isa = PBXFileReference; lastKnownFileType = sourcecode.swift; path = AppDelegate.swift; sourceTree = "<group>"; };
		93350D481C41E1970057621C /* ViewController.swift */ = {isa = PBXFileReference; lastKnownFileType = sourcecode.swift; path = ViewController.swift; sourceTree = "<group>"; };
		93350D4B1C41E1970057621C /* Base */ = {isa = PBXFileReference; lastKnownFileType = file.storyboard; name = Base; path = Base.lproj/Main.storyboard; sourceTree = "<group>"; };
		93350D4D1C41E1970057621C /* Assets.xcassets */ = {isa = PBXFileReference; lastKnownFileType = folder.assetcatalog; path = Assets.xcassets; sourceTree = "<group>"; };
		93350D501C41E1970057621C /* Base */ = {isa = PBXFileReference; lastKnownFileType = file.storyboard; name = Base; path = Base.lproj/LaunchScreen.storyboard; sourceTree = "<group>"; };
		93350D521C41E1970057621C /* Info.plist */ = {isa = PBXFileReference; lastKnownFileType = text.plist.xml; path = Info.plist; sourceTree = "<group>"; };
		93350D571C41E1970057621C /* INOiPadPopupKeyboardUITests.xctest */ = {isa = PBXFileReference; explicitFileType = wrapper.cfbundle; includeInIndex = 0; path = INOiPadPopupKeyboardUITests.xctest; sourceTree = BUILT_PRODUCTS_DIR; };
		93350D5B1C41E1970057621C /* INOiPadPopupKeyboardUITests.swift */ = {isa = PBXFileReference; lastKnownFileType = sourcecode.swift; path = INOiPadPopupKeyboardUITests.swift; sourceTree = "<group>"; };
		93350D5D1C41E1970057621C /* Info.plist */ = {isa = PBXFileReference; lastKnownFileType = text.plist.xml; path = Info.plist; sourceTree = "<group>"; };
		93350D661C41E4550057621C /* INOKeyboardButton.swift */ = {isa = PBXFileReference; fileEncoding = 4; lastKnownFileType = sourcecode.swift; path = INOKeyboardButton.swift; sourceTree = "<group>"; };
		93350D6A1C41EB210057621C /* INOKeyboardViewController.swift */ = {isa = PBXFileReference; fileEncoding = 4; lastKnownFileType = sourcecode.swift; path = INOKeyboardViewController.swift; sourceTree = "<group>"; };
		93350D6C1C41FC850057621C /* INOKeyboardTextField.swift */ = {isa = PBXFileReference; fileEncoding = 4; lastKnownFileType = sourcecode.swift; path = INOKeyboardTextField.swift; sourceTree = "<group>"; };
		93350D6E1C41FEA50057621C /* INOKeyboardViewController.xib */ = {isa = PBXFileReference; fileEncoding = 4; lastKnownFileType = file.xib; path = INOKeyboardViewController.xib; sourceTree = "<group>"; };
/* End PBXFileReference section */

/* Begin PBXFrameworksBuildPhase section */
		93350D401C41E1970057621C /* Frameworks */ = {
			isa = PBXFrameworksBuildPhase;
			buildActionMask = 2147483647;
			files = (
			);
			runOnlyForDeploymentPostprocessing = 0;
		};
		93350D541C41E1970057621C /* Frameworks */ = {
			isa = PBXFrameworksBuildPhase;
			buildActionMask = 2147483647;
			files = (
			);
			runOnlyForDeploymentPostprocessing = 0;
		};
/* End PBXFrameworksBuildPhase section */

/* Begin PBXGroup section */
		93350D3A1C41E1970057621C = {
			isa = PBXGroup;
			children = (
				93350D451C41E1970057621C /* INOiPadPopupKeyboard */,
				93350D5A1C41E1970057621C /* INOiPadPopupKeyboardUITests */,
				93350D441C41E1970057621C /* Products */,
			);
			sourceTree = "<group>";
		};
		93350D441C41E1970057621C /* Products */ = {
			isa = PBXGroup;
			children = (
				93350D431C41E1970057621C /* INOiPadPopupKeyboard.app */,
				93350D571C41E1970057621C /* INOiPadPopupKeyboardUITests.xctest */,
			);
			name = Products;
			sourceTree = "<group>";
		};
		93350D451C41E1970057621C /* INOiPadPopupKeyboard */ = {
			isa = PBXGroup;
			children = (
				93350D461C41E1970057621C /* AppDelegate.swift */,
				93350D481C41E1970057621C /* ViewController.swift */,
				93350D4A1C41E1970057621C /* Main.storyboard */,
				93350D4D1C41E1970057621C /* Assets.xcassets */,
				93350D4F1C41E1970057621C /* LaunchScreen.storyboard */,
				93350D521C41E1970057621C /* Info.plist */,
				93350D6C1C41FC850057621C /* INOKeyboardTextField.swift */,
				93350D6A1C41EB210057621C /* INOKeyboardViewController.swift */,
				93350D6E1C41FEA50057621C /* INOKeyboardViewController.xib */,
				93350D661C41E4550057621C /* INOKeyboardButton.swift */,
			);
			path = INOiPadPopupKeyboard;
			sourceTree = "<group>";
		};
		93350D5A1C41E1970057621C /* INOiPadPopupKeyboardUITests */ = {
			isa = PBXGroup;
			children = (
				93350D5B1C41E1970057621C /* INOiPadPopupKeyboardUITests.swift */,
				93350D5D1C41E1970057621C /* Info.plist */,
			);
			path = INOiPadPopupKeyboardUITests;
			sourceTree = "<group>";
		};
/* End PBXGroup section */

/* Begin PBXNativeTarget section */
		93350D421C41E1970057621C /* INOiPadPopupKeyboard */ = {
			isa = PBXNativeTarget;
			buildConfigurationList = 93350D601C41E1970057621C /* Build configuration list for PBXNativeTarget "INOiPadPopupKeyboard" */;
			buildPhases = (
				93350D3F1C41E1970057621C /* Sources */,
				93350D401C41E1970057621C /* Frameworks */,
				93350D411C41E1970057621C /* Resources */,
			);
			buildRules = (
			);
			dependencies = (
			);
			name = INOiPadPopupKeyboard;
			productName = INOiPadPopupKeyboard;
			productReference = 93350D431C41E1970057621C /* INOiPadPopupKeyboard.app */;
			productType = "com.apple.product-type.application";
		};
		93350D561C41E1970057621C /* INOiPadPopupKeyboardUITests */ = {
			isa = PBXNativeTarget;
			buildConfigurationList = 93350D631C41E1970057621C /* Build configuration list for PBXNativeTarget "INOiPadPopupKeyboardUITests" */;
			buildPhases = (
				93350D531C41E1970057621C /* Sources */,
				93350D541C41E1970057621C /* Frameworks */,
				93350D551C41E1970057621C /* Resources */,
			);
			buildRules = (
			);
			dependencies = (
				93350D591C41E1970057621C /* PBXTargetDependency */,
			);
			name = INOiPadPopupKeyboardUITests;
			productName = INOiPadPopupKeyboardUITests;
			productReference = 93350D571C41E1970057621C /* INOiPadPopupKeyboardUITests.xctest */;
			productType = "com.apple.product-type.bundle.ui-testing";
		};
/* End PBXNativeTarget section */

/* Begin PBXProject section */
		93350D3B1C41E1970057621C /* Project object */ = {
			isa = PBXProject;
			attributes = {
				LastSwiftUpdateCheck = 0720;
				LastUpgradeCheck = 0720;
				ORGANIZATIONNAME = "Aaron Vegh";
				TargetAttributes = {
					93350D421C41E1970057621C = {
						CreatedOnToolsVersion = 7.2;
						DevelopmentTeam = 9P5W2L6F6B;
					};
					93350D561C41E1970057621C = {
						CreatedOnToolsVersion = 7.2;
						TestTargetID = 93350D421C41E1970057621C;
					};
				};
			};
			buildConfigurationList = 93350D3E1C41E1970057621C /* Build configuration list for PBXProject "INOiPadPopupKeyboard" */;
			compatibilityVersion = "Xcode 3.2";
			developmentRegion = English;
			hasScannedForEncodings = 0;
			knownRegions = (
				en,
				Base,
			);
			mainGroup = 93350D3A1C41E1970057621C;
			productRefGroup = 93350D441C41E1970057621C /* Products */;
			projectDirPath = "";
			projectRoot = "";
			targets = (
				93350D421C41E1970057621C /* INOiPadPopupKeyboard */,
				93350D561C41E1970057621C /* INOiPadPopupKeyboardUITests */,
			);
		};
/* End PBXProject section */

/* Begin PBXResourcesBuildPhase section */
		93350D411C41E1970057621C /* Resources */ = {
			isa = PBXResourcesBuildPhase;
			buildActionMask = 2147483647;
			files = (
				93350D6F1C41FEA50057621C /* INOKeyboardViewController.xib in Resources */,
				93350D511C41E1970057621C /* LaunchScreen.storyboard in Resources */,
				93350D4E1C41E1970057621C /* Assets.xcassets in Resources */,
				93350D4C1C41E1970057621C /* Main.storyboard in Resources */,
			);
			runOnlyForDeploymentPostprocessing = 0;
		};
		93350D551C41E1970057621C /* Resources */ = {
			isa = PBXResourcesBuildPhase;
			buildActionMask = 2147483647;
			files = (
			);
			runOnlyForDeploymentPostprocessing = 0;
		};
/* End PBXResourcesBuildPhase section */

/* Begin PBXSourcesBuildPhase section */
		93350D3F1C41E1970057621C /* Sources */ = {
			isa = PBXSourcesBuildPhase;
			buildActionMask = 2147483647;
			files = (
				93350D6D1C41FC850057621C /* INOKeyboardTextField.swift in Sources */,
				93350D491C41E1970057621C /* ViewController.swift in Sources */,
				93350D671C41E4550057621C /* INOKeyboardButton.swift in Sources */,
				93350D6B1C41EB210057621C /* INOKeyboardViewController.swift in Sources */,
				93350D471C41E1970057621C /* AppDelegate.swift in Sources */,
			);
			runOnlyForDeploymentPostprocessing = 0;
		};
		93350D531C41E1970057621C /* Sources */ = {
			isa = PBXSourcesBuildPhase;
			buildActionMask = 2147483647;
			files = (
				93350D5C1C41E1970057621C /* INOiPadPopupKeyboardUITests.swift in Sources */,
			);
			runOnlyForDeploymentPostprocessing = 0;
		};
/* End PBXSourcesBuildPhase section */

/* Begin PBXTargetDependency section */
		93350D591C41E1970057621C /* PBXTargetDependency */ = {
			isa = PBXTargetDependency;
			target = 93350D421C41E1970057621C /* INOiPadPopupKeyboard */;
			targetProxy = 93350D581C41E1970057621C /* PBXContainerItemProxy */;
		};
/* End PBXTargetDependency section */

/* Begin PBXVariantGroup section */
		93350D4A1C41E1970057621C /* Main.storyboard */ = {
			isa = PBXVariantGroup;
			children = (
				93350D4B1C41E1970057621C /* Base */,
			);
			name = Main.storyboard;
			sourceTree = "<group>";
		};
		93350D4F1C41E1970057621C /* LaunchScreen.storyboard */ = {
			isa = PBXVariantGroup;
			children = (
				93350D501C41E1970057621C /* Base */,
			);
			name = LaunchScreen.storyboard;
			sourceTree = "<group>";
		};
/* End PBXVariantGroup section */

/* Begin XCBuildConfiguration section */
		93350D5E1C41E1970057621C /* Debug */ = {
			isa = XCBuildConfiguration;
			buildSettings = {
				ALWAYS_SEARCH_USER_PATHS = NO;
				CLANG_CXX_LANGUAGE_STANDARD = "gnu++0x";
				CLANG_CXX_LIBRARY = "libc++";
				CLANG_ENABLE_MODULES = YES;
				CLANG_ENABLE_OBJC_ARC = YES;
				CLANG_WARN_BOOL_CONVERSION = YES;
				CLANG_WARN_CONSTANT_CONVERSION = YES;
				CLANG_WARN_DIRECT_OBJC_ISA_USAGE = YES_ERROR;
				CLANG_WARN_EMPTY_BODY = YES;
				CLANG_WARN_ENUM_CONVERSION = YES;
				CLANG_WARN_INT_CONVERSION = YES;
				CLANG_WARN_OBJC_ROOT_CLASS = YES_ERROR;
				CLANG_WARN_UNREACHABLE_CODE = YES;
				CLANG_WARN__DUPLICATE_METHOD_MATCH = YES;
				"CODE_SIGN_IDENTITY[sdk=iphoneos*]" = "iPhone Developer";
				COPY_PHASE_STRIP = NO;
				DEBUG_INFORMATION_FORMAT = dwarf;
				ENABLE_STRICT_OBJC_MSGSEND = YES;
				ENABLE_TESTABILITY = YES;
				GCC_C_LANGUAGE_STANDARD = gnu99;
				GCC_DYNAMIC_NO_PIC = NO;
				GCC_NO_COMMON_BLOCKS = YES;
				GCC_OPTIMIZATION_LEVEL = 0;
				GCC_PREPROCESSOR_DEFINITIONS = (
					"DEBUG=1",
					"$(inherited)",
				);
				GCC_WARN_64_TO_32_BIT_CONVERSION = YES;
				GCC_WARN_ABOUT_RETURN_TYPE = YES_ERROR;
				GCC_WARN_UNDECLARED_SELECTOR = YES;
				GCC_WARN_UNINITIALIZED_AUTOS = YES_AGGRESSIVE;
				GCC_WARN_UNUSED_FUNCTION = YES;
				GCC_WARN_UNUSED_VARIABLE = YES;
				IPHONEOS_DEPLOYMENT_TARGET = 9.2;
				MTL_ENABLE_DEBUG_INFO = YES;
				ONLY_ACTIVE_ARCH = YES;
				SDKROOT = iphoneos;
				SWIFT_OPTIMIZATION_LEVEL = "-Onone";
				TARGETED_DEVICE_FAMILY = "1,2";
			};
			name = Debug;
		};
		93350D5F1C41E1970057621C /* Release */ = {
			isa = XCBuildConfiguration;
			buildSettings = {
				ALWAYS_SEARCH_USER_PATHS = NO;
				CLANG_CXX_LANGUAGE_STANDARD = "gnu++0x";
				CLANG_CXX_LIBRARY = "libc++";
				CLANG_ENABLE_MODULES = YES;
				CLANG_ENABLE_OBJC_ARC = YES;
				CLANG_WARN_BOOL_CONVERSION = YES;
				CLANG_WARN_CONSTANT_CONVERSION = YES;
				CLANG_WARN_DIRECT_OBJC_ISA_USAGE = YES_ERROR;
				CLANG_WARN_EMPTY_BODY = YES;
				CLANG_WARN_ENUM_CONVERSION = YES;
				CLANG_WARN_INT_CONVERSION = YES;
				CLANG_WARN_OBJC_ROOT_CLASS = YES_ERROR;
				CLANG_WARN_UNREACHABLE_CODE = YES;
				CLANG_WARN__DUPLICATE_METHOD_MATCH = YES;
				"CODE_SIGN_IDENTITY[sdk=iphoneos*]" = "iPhone Developer";
				COPY_PHASE_STRIP = NO;
				DEBUG_INFORMATION_FORMAT = "dwarf-with-dsym";
				ENABLE_NS_ASSERTIONS = NO;
				ENABLE_STRICT_OBJC_MSGSEND = YES;
				GCC_C_LANGUAGE_STANDARD = gnu99;
				GCC_NO_COMMON_BLOCKS = YES;
				GCC_WARN_64_TO_32_BIT_CONVERSION = YES;
				GCC_WARN_ABOUT_RETURN_TYPE = YES_ERROR;
				GCC_WARN_UNDECLARED_SELECTOR = YES;
				GCC_WARN_UNINITIALIZED_AUTOS = YES_AGGRESSIVE;
				GCC_WARN_UNUSED_FUNCTION = YES;
				GCC_WARN_UNUSED_VARIABLE = YES;
				IPHONEOS_DEPLOYMENT_TARGET = 9.2;
				MTL_ENABLE_DEBUG_INFO = NO;
				SDKROOT = iphoneos;
				TARGETED_DEVICE_FAMILY = "1,2";
				VALIDATE_PRODUCT = YES;
			};
			name = Release;
		};
		93350D611C41E1970057621C /* Debug */ = {
			isa = XCBuildConfiguration;
			buildSettings = {
				ASSETCATALOG_COMPILER_APPICON_NAME = AppIcon;
				CODE_SIGN_IDENTITY = "iPhone Developer";
				"CODE_SIGN_IDENTITY[sdk=iphoneos*]" = "iPhone Developer";
				FRAMEWORK_SEARCH_PATHS = (
					"$(inherited)",
					"$(PROJECT_DIR)/INOiPadPopupKeyboard",
				);
				INFOPLIST_FILE = INOiPadPopupKeyboard/Info.plist;
				LD_RUNPATH_SEARCH_PATHS = "$(inherited) @executable_path/Frameworks";
				PRODUCT_BUNDLE_IDENTIFIER = com.innoveghtive.INOiPadPopupKeyboard;
				PRODUCT_NAME = "$(TARGET_NAME)";
				PROVISIONING_PROFILE = "";
			};
			name = Debug;
		};
		93350D621C41E1970057621C /* Release */ = {
			isa = XCBuildConfiguration;
			buildSettings = {
				ASSETCATALOG_COMPILER_APPICON_NAME = AppIcon;
				CODE_SIGN_IDENTITY = "iPhone Developer";
				"CODE_SIGN_IDENTITY[sdk=iphoneos*]" = "iPhone Developer";
				FRAMEWORK_SEARCH_PATHS = (
					"$(inherited)",
					"$(PROJECT_DIR)/INOiPadPopupKeyboard",
				);
				INFOPLIST_FILE = INOiPadPopupKeyboard/Info.plist;
				LD_RUNPATH_SEARCH_PATHS = "$(inherited) @executable_path/Frameworks";
				PRODUCT_BUNDLE_IDENTIFIER = com.innoveghtive.INOiPadPopupKeyboard;
				PRODUCT_NAME = "$(TARGET_NAME)";
				PROVISIONING_PROFILE = "";
			};
			name = Release;
		};
		93350D641C41E1970057621C /* Debug */ = {
			isa = XCBuildConfiguration;
			buildSettings = {
				INFOPLIST_FILE = INOiPadPopupKeyboardUITests/Info.plist;
				LD_RUNPATH_SEARCH_PATHS = "$(inherited) @executable_path/Frameworks @loader_path/Frameworks";
				PRODUCT_BUNDLE_IDENTIFIER = com.innoveghtive.INOiPadPopupKeyboardUITests;
				PRODUCT_NAME = "$(TARGET_NAME)";
				TEST_TARGET_NAME = INOiPadPopupKeyboard;
				USES_XCTRUNNER = YES;
			};
			name = Debug;
		};
		93350D651C41E1970057621C /* Release */ = {
			isa = XCBuildConfiguration;
			buildSettings = {
				INFOPLIST_FILE = INOiPadPopupKeyboardUITests/Info.plist;
				LD_RUNPATH_SEARCH_PATHS = "$(inherited) @executable_path/Frameworks @loader_path/Frameworks";
				PRODUCT_BUNDLE_IDENTIFIER = com.innoveghtive.INOiPadPopupKeyboardUITests;
				PRODUCT_NAME = "$(TARGET_NAME)";
				TEST_TARGET_NAME = INOiPadPopupKeyboard;
				USES_XCTRUNNER = YES;
			};
			name = Release;
		};
/* End XCBuildConfiguration section */

/* Begin XCConfigurationList section */
		93350D3E1C41E1970057621C /* Build configuration list for PBXProject "INOiPadPopupKeyboard" */ = {
			isa = XCConfigurationList;
			buildConfigurations = (
				93350D5E1C41E1970057621C /* Debug */,
				93350D5F1C41E1970057621C /* Release */,
			);
			defaultConfigurationIsVisible = 0;
			defaultConfigurationName = Release;
		};
		93350D601C41E1970057621C /* Build configuration list for PBXNativeTarget "INOiPadPopupKeyboard" */ = {
			isa = XCConfigurationList;
			buildConfigurations = (
				93350D611C41E1970057621C /* Debug */,
				93350D621C41E1970057621C /* Release */,
			);
			defaultConfigurationIsVisible = 0;
			defaultConfigurationName = Release;
		};
		93350D631C41E1970057621C /* Build configuration list for PBXNativeTarget "INOiPadPopupKeyboardUITests" */ = {
			isa = XCConfigurationList;
			buildConfigurations = (
				93350D641C41E1970057621C /* Debug */,
				93350D651C41E1970057621C /* Release */,
			);
			defaultConfigurationIsVisible = 0;
			defaultConfigurationName = Release;
		};
/* End XCConfigurationList section */
	};
	rootObject = 93350D3B1C41E1970057621C /* Project object */;
}
